dependencies:
- condition: ""
  enabled: false
  import-values: null
  name: nginx-ingress
  repository: https://kubernetes-charts.storage.googleapis.com
  tags: null
  version: 0.6.0
- condition: ""
  enabled: false
  import-values: null
  name: kube-lego
  repository: https://kubernetes-charts.storage.googleapis.com
  tags: null
  version: 0.1.10
digest: sha256:5e7625c2e7462e66f39913007a6290d5b37831828d1ab8a140e0c5539e2047ce
generated: 2017-06-21T16:21:41.184856526-07:00
